
Microsoft Visual Studio Solution File, Format Version 12.00
# Visual Studio Version 16
VisualStudioVersion = 16.0.810.0
MinimumVisualStudioVersion = 10.0.40219.1
Project("{FAE04EC0-301F-11D3-BF4B-00C04F79EFBC}") = "PacsGrab", "PacsGrab\PacsGrab.csproj", "{DB39904B-9913-42FB-B24D-417CF6BFFAC8}"
EndProject
Project("{FAE04EC0-301F-11D3-BF4B-00C04F79EFBC}") = "PacsGrab.Test", "PacsGrab.Test\PacsGrab.Test.csproj", "{A8F5FFA4-147B-4D17-AD00-AD3981595EC0}"
EndProject
Global
	GlobalSection(SolutionConfigurationPlatforms) = preSolution
		Debug|Any CPU = Debug|Any CPU
		Release|Any CPU = Release|Any CPU
	EndGlobalSection
	GlobalSection(ProjectConfigurationPlatforms) = postSolution
		{DB39904B-9913-42FB-B24D-417CF6BFFAC8}.Debug|Any CPU.ActiveCfg = Debug|Any CPU
		{DB39904B-9913-42FB-B24D-417CF6BFFAC8}.Debug|Any CPU.Build.0 = Debug|Any CPU
		{DB39904B-9913-42FB-B24D-417CF6BFFAC8}.Release|Any CPU.ActiveCfg = Release|Any CPU
		{DB39904B-9913-42FB-B24D-417CF6BFFAC8}.Release|Any CPU.Build.0 = Release|Any CPU
		{A8F5FFA4-147B-4D17-AD00-AD3981595EC0}.Debug|Any CPU.ActiveCfg = Debug|Any CPU
		{A8F5FFA4-147B-4D17-AD00-AD3981595EC0}.Debug|Any CPU.Build.0 = Debug|Any CPU
		{A8F5FFA4-147B-4D17-AD00-AD3981595EC0}.Release|Any CPU.ActiveCfg = Release|Any CPU
		{A8F5FFA4-147B-4D17-AD00-AD3981595EC0}.Release|Any CPU.Build.0 = Release|Any CPU
	EndGlobalSection
	GlobalSection(SolutionProperties) = preSolution
		HideSolutionNode = FALSE
	EndGlobalSection
	GlobalSection(ExtensibilityGlobals) = postSolution
		SolutionGuid = {38184976-2D2C-44B5-A3E5-E65C91D3F43C}
	EndGlobalSection
EndGlobal
